
Microsoft Visual Studio Solution File, Format Version 11.00
# Visual Studio 2010
Project("{FAE04EC0-301F-11D3-BF4B-00C04F79EFBC}") = "binar2deca", "binar2deca\binar2deca.csproj", "{230346F9-A3AD-4C71-B6B5-D30296C73DB3}"
EndProject
Global
	GlobalSection(SolutionConfigurationPlatforms) = preSolution
		Debug|x86 = Debug|x86
		Release|x86 = Release|x86
	EndGlobalSection
	GlobalSection(ProjectConfigurationPlatforms) = postSolution
		{230346F9-A3AD-4C71-B6B5-D30296C73DB3}.Debug|x86.ActiveCfg = Debug|x86
		{230346F9-A3AD-4C71-B6B5-D30296C73DB3}.Debug|x86.Build.0 = Debug|x86
		{230346F9-A3AD-4C71-B6B5-D30296C73DB3}.Release|x86.ActiveCfg = Release|x86
		{230346F9-A3AD-4C71-B6B5-D30296C73DB3}.Release|x86.Build.0 = Release|x86
	EndGlobalSection
	GlobalSection(SolutionProperties) = preSolution
		HideSolutionNode = FALSE
	EndGlobalSection
EndGlobal
